
Microsoft Visual Studio Solution File, Format Version 12.00
# Visual Studio Version 17
VisualStudioVersion = 17.8.34316.72
MinimumVisualStudioVersion = 10.0.40219.1
Project("{9A19103F-16F7-4668-BE54-9A1E7A4F7556}") = "Warehouse.WebApi", "Warehouse.Api\Warehouse.WebApi.csproj", "{C6516045-964E-4EEC-8C14-FC64220D80EC}"
EndProject
Project("{9A19103F-16F7-4668-BE54-9A1E7A4F7556}") = "Warehouse.Services", "Warehouse.Services\Warehouse.Services.csproj", "{07F4F3B0-6928-4A19-B250-268D2A209534}"
EndProject
Project("{9A19103F-16F7-4668-BE54-9A1E7A4F7556}") = "Warehouse.Domain", "Warehouse.Domain\Warehouse.Domain.csproj", "{865D20A5-97F1-420B-B657-48133E6CF883}"
EndProject
Project("{9A19103F-16F7-4668-BE54-9A1E7A4F7556}") = "Warehouse.Data", "Warehouse.Model\Warehouse.Data.csproj", "{5DA87C6B-4FB1-423A-887F-9C5B0B2CC826}"
EndProject

Project("{FAE04EC0-301F-11D3-BF4B-00C04F79EFBC}") = "Warehouse.Common", "Warehouse.Common\Warehouse.Common.csproj", "{12D1060F-02D7-480D-8678-852DBB7DCEA1}"
EndProject
Global
	GlobalSection(SolutionConfigurationPlatforms) = preSolution
		Debug|Any CPU = Debug|Any CPU
		Debug|Arm64 = Debug|Arm64
		Debug|x64 = Debug|x64
		GPU|Any CPU = GPU|Any CPU
		GPU|Arm64 = GPU|Arm64
		GPU|x64 = GPU|x64
		Release|Any CPU = Release|Any CPU
		Release|Arm64 = Release|Arm64
		Release|x64 = Release|x64
	EndGlobalSection
	GlobalSection(ProjectConfigurationPlatforms) = postSolution
		{C6516045-964E-4EEC-8C14-FC64220D80EC}.Debug|Any CPU.ActiveCfg = Debug|Any CPU
		{C6516045-964E-4EEC-8C14-FC64220D80EC}.Debug|Any CPU.Build.0 = Debug|Any CPU
		{C6516045-964E-4EEC-8C14-FC64220D80EC}.Debug|Arm64.ActiveCfg = Debug|Any CPU
		{C6516045-964E-4EEC-8C14-FC64220D80EC}.Debug|Arm64.Build.0 = Debug|Any CPU
		{C6516045-964E-4EEC-8C14-FC64220D80EC}.Debug|x64.ActiveCfg = Debug|Any CPU
		{C6516045-964E-4EEC-8C14-FC64220D80EC}.Debug|x64.Build.0 = Debug|Any CPU
		{C6516045-964E-4EEC-8C14-FC64220D80EC}.GPU|Any CPU.ActiveCfg = Release|Any CPU
		{C6516045-964E-4EEC-8C14-FC64220D80EC}.GPU|Any CPU.Build.0 = Release|Any CPU
		{C6516045-964E-4EEC-8C14-FC64220D80EC}.GPU|Arm64.ActiveCfg = Release|Any CPU
		{C6516045-964E-4EEC-8C14-FC64220D80EC}.GPU|Arm64.Build.0 = Release|Any CPU
		{C6516045-964E-4EEC-8C14-FC64220D80EC}.GPU|x64.ActiveCfg = Release|Any CPU
		{C6516045-964E-4EEC-8C14-FC64220D80EC}.GPU|x64.Build.0 = Release|Any CPU
		{C6516045-964E-4EEC-8C14-FC64220D80EC}.Release|Any CPU.ActiveCfg = Release|Any CPU
		{C6516045-964E-4EEC-8C14-FC64220D80EC}.Release|Any CPU.Build.0 = Release|Any CPU
		{C6516045-964E-4EEC-8C14-FC64220D80EC}.Release|Arm64.ActiveCfg = Release|Any CPU
		{C6516045-964E-4EEC-8C14-FC64220D80EC}.Release|Arm64.Build.0 = Release|Any CPU
		{C6516045-964E-4EEC-8C14-FC64220D80EC}.Release|x64.ActiveCfg = Release|Any CPU
		{C6516045-964E-4EEC-8C14-FC64220D80EC}.Release|x64.Build.0 = Release|Any CPU
		{07F4F3B0-6928-4A19-B250-268D2A209534}.Debug|Any CPU.ActiveCfg = Debug|Any CPU
		{07F4F3B0-6928-4A19-B250-268D2A209534}.Debug|Any CPU.Build.0 = Debug|Any CPU
		{07F4F3B0-6928-4A19-B250-268D2A209534}.Debug|Arm64.ActiveCfg = Debug|Any CPU
		{07F4F3B0-6928-4A19-B250-268D2A209534}.Debug|Arm64.Build.0 = Debug|Any CPU
		{07F4F3B0-6928-4A19-B250-268D2A209534}.Debug|x64.ActiveCfg = Debug|Any CPU
		{07F4F3B0-6928-4A19-B250-268D2A209534}.Debug|x64.Build.0 = Debug|Any CPU
		{07F4F3B0-6928-4A19-B250-268D2A209534}.GPU|Any CPU.ActiveCfg = Release|Any CPU
		{07F4F3B0-6928-4A19-B250-268D2A209534}.GPU|Any CPU.Build.0 = Release|Any CPU
		{07F4F3B0-6928-4A19-B250-268D2A209534}.GPU|Arm64.ActiveCfg = Release|Any CPU
		{07F4F3B0-6928-4A19-B250-268D2A209534}.GPU|Arm64.Build.0 = Release|Any CPU
		{07F4F3B0-6928-4A19-B250-268D2A209534}.GPU|x64.ActiveCfg = Release|Any CPU
		{07F4F3B0-6928-4A19-B250-268D2A209534}.GPU|x64.Build.0 = Release|Any CPU
		{07F4F3B0-6928-4A19-B250-268D2A209534}.Release|Any CPU.ActiveCfg = Release|Any CPU
		{07F4F3B0-6928-4A19-B250-268D2A209534}.Release|Any CPU.Build.0 = Release|Any CPU
		{07F4F3B0-6928-4A19-B250-268D2A209534}.Release|Arm64.ActiveCfg = Release|Any CPU
		{07F4F3B0-6928-4A19-B250-268D2A209534}.Release|Arm64.Build.0 = Release|Any CPU
		{07F4F3B0-6928-4A19-B250-268D2A209534}.Release|x64.ActiveCfg = Release|Any CPU
		{07F4F3B0-6928-4A19-B250-268D2A209534}.Release|x64.Build.0 = Release|Any CPU
		{865D20A5-97F1-420B-B657-48133E6CF883}.Debug|Any CPU.ActiveCfg = Debug|Any CPU
		{865D20A5-97F1-420B-B657-48133E6CF883}.Debug|Any CPU.Build.0 = Debug|Any CPU
		{865D20A5-97F1-420B-B657-48133E6CF883}.Debug|Arm64.ActiveCfg = Debug|Any CPU
		{865D20A5-97F1-420B-B657-48133E6CF883}.Debug|Arm64.Build.0 = Debug|Any CPU
		{865D20A5-97F1-420B-B657-48133E6CF883}.Debug|x64.ActiveCfg = Debug|Any CPU
		{865D20A5-97F1-420B-B657-48133E6CF883}.Debug|x64.Build.0 = Debug|Any CPU
		{865D20A5-97F1-420B-B657-48133E6CF883}.GPU|Any CPU.ActiveCfg = Release|Any CPU
		{865D20A5-97F1-420B-B657-48133E6CF883}.GPU|Any CPU.Build.0 = Release|Any CPU
		{865D20A5-97F1-420B-B657-48133E6CF883}.GPU|Arm64.ActiveCfg = Release|Any CPU
		{865D20A5-97F1-420B-B657-48133E6CF883}.GPU|Arm64.Build.0 = Release|Any CPU
		{865D20A5-97F1-420B-B657-48133E6CF883}.GPU|x64.ActiveCfg = Release|Any CPU
		{865D20A5-97F1-420B-B657-48133E6CF883}.GPU|x64.Build.0 = Release|Any CPU
		{865D20A5-97F1-420B-B657-48133E6CF883}.Release|Any CPU.ActiveCfg = Release|Any CPU
		{865D20A5-97F1-420B-B657-48133E6CF883}.Release|Any CPU.Build.0 = Release|Any CPU
		{865D20A5-97F1-420B-B657-48133E6CF883}.Release|Arm64.ActiveCfg = Release|Any CPU
		{865D20A5-97F1-420B-B657-48133E6CF883}.Release|Arm64.Build.0 = Release|Any CPU
		{865D20A5-97F1-420B-B657-48133E6CF883}.Release|x64.ActiveCfg = Release|Any CPU
		{865D20A5-97F1-420B-B657-48133E6CF883}.Release|x64.Build.0 = Release|Any CPU
		{5DA87C6B-4FB1-423A-887F-9C5B0B2CC826}.Debug|Any CPU.ActiveCfg = Debug|Any CPU
		{5DA87C6B-4FB1-423A-887F-9C5B0B2CC826}.Debug|Any CPU.Build.0 = Debug|Any CPU
		{5DA87C6B-4FB1-423A-887F-9C5B0B2CC826}.Debug|Arm64.ActiveCfg = Debug|Any CPU
		{5DA87C6B-4FB1-423A-887F-9C5B0B2CC826}.Debug|Arm64.Build.0 = Debug|Any CPU
		{5DA87C6B-4FB1-423A-887F-9C5B0B2CC826}.Debug|x64.ActiveCfg = Debug|Any CPU
		{5DA87C6B-4FB1-423A-887F-9C5B0B2CC826}.Debug|x64.Build.0 = Debug|Any CPU
		{5DA87C6B-4FB1-423A-887F-9C5B0B2CC826}.GPU|Any CPU.ActiveCfg = Release|Any CPU
		{5DA87C6B-4FB1-423A-887F-9C5B0B2CC826}.GPU|Any CPU.Build.0 = Release|Any CPU
		{5DA87C6B-4FB1-423A-887F-9C5B0B2CC826}.GPU|Arm64.ActiveCfg = Release|Any CPU
		{5DA87C6B-4FB1-423A-887F-9C5B0B2CC826}.GPU|Arm64.Build.0 = Release|Any CPU
		{5DA87C6B-4FB1-423A-887F-9C5B0B2CC826}.GPU|x64.ActiveCfg = Release|Any CPU
		{5DA87C6B-4FB1-423A-887F-9C5B0B2CC826}.GPU|x64.Build.0 = Release|Any CPU
		{5DA87C6B-4FB1-423A-887F-9C5B0B2CC826}.Release|Any CPU.ActiveCfg = Release|Any CPU
		{5DA87C6B-4FB1-423A-887F-9C5B0B2CC826}.Release|Any CPU.Build.0 = Release|Any CPU
		{5DA87C6B-4FB1-423A-887F-9C5B0B2CC826}.Release|Arm64.ActiveCfg = Release|Any CPU
		{5DA87C6B-4FB1-423A-887F-9C5B0B2CC826}.Release|Arm64.Build.0 = Release|Any CPU
		{5DA87C6B-4FB1-423A-887F-9C5B0B2CC826}.Release|x64.ActiveCfg = Release|Any CPU
		{5DA87C6B-4FB1-423A-887F-9C5B0B2CC826}.Release|x64.Build.0 = Release|Any CPU
		{6E74AD09-9AFB-4C3C-868F-BCDEECA2EC5E}.Debug|Any CPU.ActiveCfg = Debug|Any CPU
		{6E74AD09-9AFB-4C3C-868F-BCDEECA2EC5E}.Debug|Any CPU.Build.0 = Debug|Any CPU
		{6E74AD09-9AFB-4C3C-868F-BCDEECA2EC5E}.Debug|Arm64.ActiveCfg = Debug|Arm64
		{6E74AD09-9AFB-4C3C-868F-BCDEECA2EC5E}.Debug|Arm64.Build.0 = Debug|Arm64
		{6E74AD09-9AFB-4C3C-868F-BCDEECA2EC5E}.Debug|x64.ActiveCfg = Debug|x64
		{6E74AD09-9AFB-4C3C-868F-BCDEECA2EC5E}.Debug|x64.Build.0 = Debug|x64
		{6E74AD09-9AFB-4C3C-868F-BCDEECA2EC5E}.GPU|Any CPU.ActiveCfg = GPU|Any CPU
		{6E74AD09-9AFB-4C3C-868F-BCDEECA2EC5E}.GPU|Any CPU.Build.0 = GPU|Any CPU
		{6E74AD09-9AFB-4C3C-868F-BCDEECA2EC5E}.GPU|Arm64.ActiveCfg = GPU|Arm64
		{6E74AD09-9AFB-4C3C-868F-BCDEECA2EC5E}.GPU|Arm64.Build.0 = GPU|Arm64
		{6E74AD09-9AFB-4C3C-868F-BCDEECA2EC5E}.GPU|x64.ActiveCfg = GPU|x64
		{6E74AD09-9AFB-4C3C-868F-BCDEECA2EC5E}.GPU|x64.Build.0 = GPU|x64
		{6E74AD09-9AFB-4C3C-868F-BCDEECA2EC5E}.Release|Any CPU.ActiveCfg = Release|Any CPU
		{6E74AD09-9AFB-4C3C-868F-BCDEECA2EC5E}.Release|Any CPU.Build.0 = Release|Any CPU
		{6E74AD09-9AFB-4C3C-868F-BCDEECA2EC5E}.Release|Arm64.ActiveCfg = Release|Arm64
		{6E74AD09-9AFB-4C3C-868F-BCDEECA2EC5E}.Release|Arm64.Build.0 = Release|Arm64
		{6E74AD09-9AFB-4C3C-868F-BCDEECA2EC5E}.Release|x64.ActiveCfg = Release|x64
		{6E74AD09-9AFB-4C3C-868F-BCDEECA2EC5E}.Release|x64.Build.0 = Release|x64
		{12D1060F-02D7-480D-8678-852DBB7DCEA1}.Debug|Any CPU.ActiveCfg = Debug|Any CPU
		{12D1060F-02D7-480D-8678-852DBB7DCEA1}.Debug|Any CPU.Build.0 = Debug|Any CPU
		{12D1060F-02D7-480D-8678-852DBB7DCEA1}.Debug|Arm64.ActiveCfg = Debug|Any CPU
		{12D1060F-02D7-480D-8678-852DBB7DCEA1}.Debug|Arm64.Build.0 = Debug|Any CPU
		{12D1060F-02D7-480D-8678-852DBB7DCEA1}.Debug|x64.ActiveCfg = Debug|Any CPU
		{12D1060F-02D7-480D-8678-852DBB7DCEA1}.Debug|x64.Build.0 = Debug|Any CPU
		{12D1060F-02D7-480D-8678-852DBB7DCEA1}.GPU|Any CPU.ActiveCfg = Debug|Any CPU
		{12D1060F-02D7-480D-8678-852DBB7DCEA1}.GPU|Any CPU.Build.0 = Debug|Any CPU
		{12D1060F-02D7-480D-8678-852DBB7DCEA1}.GPU|Arm64.ActiveCfg = Debug|Any CPU
		{12D1060F-02D7-480D-8678-852DBB7DCEA1}.GPU|Arm64.Build.0 = Debug|Any CPU
		{12D1060F-02D7-480D-8678-852DBB7DCEA1}.GPU|x64.ActiveCfg = Debug|Any CPU
		{12D1060F-02D7-480D-8678-852DBB7DCEA1}.GPU|x64.Build.0 = Debug|Any CPU
		{12D1060F-02D7-480D-8678-852DBB7DCEA1}.Release|Any CPU.ActiveCfg = Release|Any CPU
		{12D1060F-02D7-480D-8678-852DBB7DCEA1}.Release|Any CPU.Build.0 = Release|Any CPU
		{12D1060F-02D7-480D-8678-852DBB7DCEA1}.Release|Arm64.ActiveCfg = Release|Any CPU
		{12D1060F-02D7-480D-8678-852DBB7DCEA1}.Release|Arm64.Build.0 = Release|Any CPU
		{12D1060F-02D7-480D-8678-852DBB7DCEA1}.Release|x64.ActiveCfg = Release|Any CPU
		{12D1060F-02D7-480D-8678-852DBB7DCEA1}.Release|x64.Build.0 = Release|Any CPU
	EndGlobalSection
	GlobalSection(SolutionProperties) = preSolution
		HideSolutionNode = FALSE
	EndGlobalSection
	GlobalSection(ExtensibilityGlobals) = postSolution
		SolutionGuid = {1C63C296-9551-4A81-9923-09BDCF59E703}
	EndGlobalSection
EndGlobal
